
Microsoft Visual Studio Solution File, Format Version 12.00
# Visual Studio 15
VisualStudioVersion = 15.0.27703.2026
MinimumVisualStudioVersion = 10.0.40219.1
Project("{9A19103F-16F7-4668-BE54-9A1E7A4F7556}") = "Otc.AspNetCore.ApiBoot", "Otc.AspNetCore.ApiBoot\Otc.AspNetCore.ApiBoot.csproj", "{A65A8AE3-FBE9-4313-9E7A-B1EF7CAF9AA6}"
EndProject
Project("{9A19103F-16F7-4668-BE54-9A1E7A4F7556}") = "Otc.AspNetCore.ApiBoot.TestHost", "Otc.AspNetCore.ApiBoot.TestHost\Otc.AspNetCore.ApiBoot.TestHost.csproj", "{76496469-2869-4ED6-AF21-41078587A0B1}"
EndProject
Global
	GlobalSection(SolutionConfigurationPlatforms) = preSolution
		Debug|Any CPU = Debug|Any CPU
		Release|Any CPU = Release|Any CPU
	EndGlobalSection
	GlobalSection(ProjectConfigurationPlatforms) = postSolution
		{A65A8AE3-FBE9-4313-9E7A-B1EF7CAF9AA6}.Debug|Any CPU.ActiveCfg = Debug|Any CPU
		{A65A8AE3-FBE9-4313-9E7A-B1EF7CAF9AA6}.Debug|Any CPU.Build.0 = Debug|Any CPU
		{A65A8AE3-FBE9-4313-9E7A-B1EF7CAF9AA6}.Release|Any CPU.ActiveCfg = Release|Any CPU
		{A65A8AE3-FBE9-4313-9E7A-B1EF7CAF9AA6}.Release|Any CPU.Build.0 = Release|Any CPU
		{76496469-2869-4ED6-AF21-41078587A0B1}.Debug|Any CPU.ActiveCfg = Debug|Any CPU
		{76496469-2869-4ED6-AF21-41078587A0B1}.Debug|Any CPU.Build.0 = Debug|Any CPU
		{76496469-2869-4ED6-AF21-41078587A0B1}.Release|Any CPU.ActiveCfg = Release|Any CPU
		{76496469-2869-4ED6-AF21-41078587A0B1}.Release|Any CPU.Build.0 = Release|Any CPU
	EndGlobalSection
	GlobalSection(SolutionProperties) = preSolution
		HideSolutionNode = FALSE
	EndGlobalSection
	GlobalSection(ExtensibilityGlobals) = postSolution
		SolutionGuid = {CC32039D-C925-4B8A-B010-B57F3C427D5B}
	EndGlobalSection
EndGlobal
